
Microsoft Visual Studio Solution File, Format Version 12.00
# Visual Studio Version 17
VisualStudioVersion = 17.1.32210.238
MinimumVisualStudioVersion = 10.0.40219.1
Project("{FAE04EC0-301F-11D3-BF4B-00C04F79EFBC}") = "PROJE_SQL_DB", "PROJE_SQL_DB.csproj", "{E2C938B8-B9FC-40F6-9DB4-606A837B9AB3}"
EndProject
Global
	GlobalSection(SolutionConfigurationPlatforms) = preSolution
		Debug|Any CPU = Debug|Any CPU
		Release|Any CPU = Release|Any CPU
	EndGlobalSection
	GlobalSection(ProjectConfigurationPlatforms) = postSolution
		{E2C938B8-B9FC-40F6-9DB4-606A837B9AB3}.Debug|Any CPU.ActiveCfg = Debug|Any CPU
		{E2C938B8-B9FC-40F6-9DB4-606A837B9AB3}.Debug|Any CPU.Build.0 = Debug|Any CPU
		{E2C938B8-B9FC-40F6-9DB4-606A837B9AB3}.Release|Any CPU.ActiveCfg = Release|Any CPU
		{E2C938B8-B9FC-40F6-9DB4-606A837B9AB3}.Release|Any CPU.Build.0 = Release|Any CPU
	EndGlobalSection
	GlobalSection(SolutionProperties) = preSolution
		HideSolutionNode = FALSE
	EndGlobalSection
	GlobalSection(ExtensibilityGlobals) = postSolution
		SolutionGuid = {78488B20-80B6-4332-BCA5-4671B9D2519A}
	EndGlobalSection
EndGlobal
